
Microsoft Visual Studio Solution File, Format Version 12.00
# Visual Studio Version 16
VisualStudioVersion = 16.0.30717.126
MinimumVisualStudioVersion = 10.0.40219.1
Project("{FAE04EC0-301F-11D3-BF4B-00C04F79EFBC}") = "ManageMyMovies", "ManageMyMovies\ManageMyMovies.csproj", "{B3D4A39E-D5EE-44F0-A229-99F33C3D6CAD}"
EndProject
Project("{FAE04EC0-301F-11D3-BF4B-00C04F79EFBC}") = "ManageMyMovies.MVVM", "ManageMyMovies.MVVM\ManageMyMovies.MVVM.csproj", "{7369CA7B-859E-4703-8FA1-84DF0EF69DCC}"
EndProject
Global
	GlobalSection(SolutionConfigurationPlatforms) = preSolution
		Debug|Any CPU = Debug|Any CPU
		Release|Any CPU = Release|Any CPU
	EndGlobalSection
	GlobalSection(ProjectConfigurationPlatforms) = postSolution
		{B3D4A39E-D5EE-44F0-A229-99F33C3D6CAD}.Debug|Any CPU.ActiveCfg = Debug|Any CPU
		{B3D4A39E-D5EE-44F0-A229-99F33C3D6CAD}.Debug|Any CPU.Build.0 = Debug|Any CPU
		{B3D4A39E-D5EE-44F0-A229-99F33C3D6CAD}.Release|Any CPU.ActiveCfg = Release|Any CPU
		{B3D4A39E-D5EE-44F0-A229-99F33C3D6CAD}.Release|Any CPU.Build.0 = Release|Any CPU
		{7369CA7B-859E-4703-8FA1-84DF0EF69DCC}.Debug|Any CPU.ActiveCfg = Debug|Any CPU
		{7369CA7B-859E-4703-8FA1-84DF0EF69DCC}.Debug|Any CPU.Build.0 = Debug|Any CPU
		{7369CA7B-859E-4703-8FA1-84DF0EF69DCC}.Release|Any CPU.ActiveCfg = Release|Any CPU
		{7369CA7B-859E-4703-8FA1-84DF0EF69DCC}.Release|Any CPU.Build.0 = Release|Any CPU
	EndGlobalSection
	GlobalSection(SolutionProperties) = preSolution
		HideSolutionNode = FALSE
	EndGlobalSection
	GlobalSection(ExtensibilityGlobals) = postSolution
		SolutionGuid = {4C99B642-0CA0-4910-84AE-F150DB39C318}
	EndGlobalSection
EndGlobal
